
Microsoft Visual Studio Solution File, Format Version 12.00
# Visual Studio Version 17
VisualStudioVersion = 17.0.31903.59
MinimumVisualStudioVersion = 10.0.40219.1
Project("{2150E333-8FDC-42A3-9474-1A3956D46DE8}") = "Main", "Main", "{89633D5A-4713-1FCD-A3A9-594FA7A6EA5D}"
EndProject
Project("{FAE04EC0-301F-11D3-BF4B-00C04F79EFBC}") = "Stealer", "Main\Stealer.csproj", "{E928A473-2906-4C09-A066-6AEBA2F813AE}"
EndProject
Project("{2150E333-8FDC-42A3-9474-1A3956D46DE8}") = "Reference", "Reference", "{BDE35A5A-67E2-89B5-F696-3D963A037A75}"
EndProject
Project("{2150E333-8FDC-42A3-9474-1A3956D46DE8}") = "InteliX", "InteliX", "{27C44CE4-B3F2-8140-7214-3D7AF92B52C4}"
EndProject
Project("{FAE04EC0-301F-11D3-BF4B-00C04F79EFBC}") = "Stealerv37", "Reference\InteliX\Stealerv37.csproj", "{E2DC40FD-1B37-4EC5-90D6-AE2B8FAEFFB5}"
EndProject
Global
	GlobalSection(SolutionConfigurationPlatforms) = preSolution
		Debug|Any CPU = Debug|Any CPU
		Debug|x64 = Debug|x64
		Debug|x86 = Debug|x86
		Release|Any CPU = Release|Any CPU
		Release|x64 = Release|x64
		Release|x86 = Release|x86
	EndGlobalSection
	GlobalSection(ProjectConfigurationPlatforms) = postSolution
		{E928A473-2906-4C09-A066-6AEBA2F813AE}.Debug|Any CPU.ActiveCfg = Debug|Any CPU
		{E928A473-2906-4C09-A066-6AEBA2F813AE}.Debug|Any CPU.Build.0 = Debug|Any CPU
		{E928A473-2906-4C09-A066-6AEBA2F813AE}.Debug|x64.ActiveCfg = Debug|Any CPU
		{E928A473-2906-4C09-A066-6AEBA2F813AE}.Debug|x64.Build.0 = Debug|Any CPU
		{E928A473-2906-4C09-A066-6AEBA2F813AE}.Debug|x86.ActiveCfg = Debug|Any CPU
		{E928A473-2906-4C09-A066-6AEBA2F813AE}.Debug|x86.Build.0 = Debug|Any CPU
		{E928A473-2906-4C09-A066-6AEBA2F813AE}.Release|Any CPU.ActiveCfg = Release|Any CPU
		{E928A473-2906-4C09-A066-6AEBA2F813AE}.Release|Any CPU.Build.0 = Release|Any CPU
		{E928A473-2906-4C09-A066-6AEBA2F813AE}.Release|x64.ActiveCfg = Release|Any CPU
		{E928A473-2906-4C09-A066-6AEBA2F813AE}.Release|x64.Build.0 = Release|Any CPU
		{E928A473-2906-4C09-A066-6AEBA2F813AE}.Release|x86.ActiveCfg = Release|Any CPU
		{E928A473-2906-4C09-A066-6AEBA2F813AE}.Release|x86.Build.0 = Release|Any CPU
		{E2DC40FD-1B37-4EC5-90D6-AE2B8FAEFFB5}.Debug|Any CPU.ActiveCfg = Debug|Any CPU
		{E2DC40FD-1B37-4EC5-90D6-AE2B8FAEFFB5}.Debug|Any CPU.Build.0 = Debug|Any CPU
		{E2DC40FD-1B37-4EC5-90D6-AE2B8FAEFFB5}.Debug|x64.ActiveCfg = Debug|Any CPU
		{E2DC40FD-1B37-4EC5-90D6-AE2B8FAEFFB5}.Debug|x64.Build.0 = Debug|Any CPU
		{E2DC40FD-1B37-4EC5-90D6-AE2B8FAEFFB5}.Debug|x86.ActiveCfg = Debug|Any CPU
		{E2DC40FD-1B37-4EC5-90D6-AE2B8FAEFFB5}.Debug|x86.Build.0 = Debug|Any CPU
		{E2DC40FD-1B37-4EC5-90D6-AE2B8FAEFFB5}.Release|Any CPU.ActiveCfg = Release|Any CPU
		{E2DC40FD-1B37-4EC5-90D6-AE2B8FAEFFB5}.Release|Any CPU.Build.0 = Release|Any CPU
		{E2DC40FD-1B37-4EC5-90D6-AE2B8FAEFFB5}.Release|x64.ActiveCfg = Release|Any CPU
		{E2DC40FD-1B37-4EC5-90D6-AE2B8FAEFFB5}.Release|x64.Build.0 = Release|Any CPU
		{E2DC40FD-1B37-4EC5-90D6-AE2B8FAEFFB5}.Release|x86.ActiveCfg = Release|Any CPU
		{E2DC40FD-1B37-4EC5-90D6-AE2B8FAEFFB5}.Release|x86.Build.0 = Release|Any CPU
	EndGlobalSection
	GlobalSection(SolutionProperties) = preSolution
		HideSolutionNode = FALSE
	EndGlobalSection
	GlobalSection(NestedProjects) = preSolution
		{E928A473-2906-4C09-A066-6AEBA2F813AE} = {89633D5A-4713-1FCD-A3A9-594FA7A6EA5D}
		{27C44CE4-B3F2-8140-7214-3D7AF92B52C4} = {BDE35A5A-67E2-89B5-F696-3D963A037A75}
		{E2DC40FD-1B37-4EC5-90D6-AE2B8FAEFFB5} = {27C44CE4-B3F2-8140-7214-3D7AF92B52C4}
	EndGlobalSection
EndGlobal
